
Microsoft Visual Studio Solution File, Format Version 12.00
# Visual Studio Version 16
VisualStudioVersion = 16.0.30413.136
MinimumVisualStudioVersion = 10.0.40219.1
Project("{9A19103F-16F7-4668-BE54-9A1E7A4F7556}") = "Core", "Core\Core.csproj", "{8CBDBE05-0F61-4B19-99CB-6FB9E26A067C}"
EndProject
Project("{2150E333-8FDC-42A3-9474-1A3956D46DE8}") = "Core", "Core", "{C101E67D-B425-4534-9CEE-BB2F81937AD8}"
EndProject
Project("{2150E333-8FDC-42A3-9474-1A3956D46DE8}") = "Users", "Users", "{C796DD86-33D2-42D0-8238-4605352EFC24}"
EndProject
Project("{9A19103F-16F7-4668-BE54-9A1E7A4F7556}") = "Domain", "Domain\Domain.csproj", "{C8A2E791-994C-4674-AA0F-51BEA61BB08C}"
EndProject
Project("{9A19103F-16F7-4668-BE54-9A1E7A4F7556}") = "Application", "Application\Application.csproj", "{423B0C70-AFDD-4D88-ABE3-51A4C62D9ACA}"
EndProject
Project("{9A19103F-16F7-4668-BE54-9A1E7A4F7556}") = "Core.EF", "Core.EF\Core.EF.csproj", "{DAB47039-2A7F-43A9-95EF-A8F0E060E97D}"
EndProject
Project("{9A19103F-16F7-4668-BE54-9A1E7A4F7556}") = "Api", "Api\Api.csproj", "{11659646-EB58-412C-92E0-29D924FE7B12}"
EndProject
Project("{2150E333-8FDC-42A3-9474-1A3956D46DE8}") = "docker", "docker", "{B6906B50-B651-4021-9394-3C8369710E60}"
EndProject
Project("{E53339B2-1760-4266-BCC7-CA923CBCF16C}") = "docker-compose", "docker-compose.dcproj", "{BC1B4243-919D-48D0-835F-FDEA92CEA48B}"
EndProject
Project("{FAE04EC0-301F-11D3-BF4B-00C04F79EFBC}") = "Tests", "Tests\Tests.csproj", "{78D4A2D2-60C5-4596-8651-39C663A15D2E}"
EndProject
Project("{FAE04EC0-301F-11D3-BF4B-00C04F79EFBC}") = "Domain.Tests", "Domain.Tests\Domain.Tests.csproj", "{44F17F25-F250-4D9E-A500-24A375A6A745}"
EndProject
Global
	GlobalSection(SolutionConfigurationPlatforms) = preSolution
		Debug|Any CPU = Debug|Any CPU
		Release|Any CPU = Release|Any CPU
	EndGlobalSection
	GlobalSection(ProjectConfigurationPlatforms) = postSolution
		{8CBDBE05-0F61-4B19-99CB-6FB9E26A067C}.Debug|Any CPU.ActiveCfg = Debug|Any CPU
		{8CBDBE05-0F61-4B19-99CB-6FB9E26A067C}.Debug|Any CPU.Build.0 = Debug|Any CPU
		{8CBDBE05-0F61-4B19-99CB-6FB9E26A067C}.Release|Any CPU.ActiveCfg = Release|Any CPU
		{8CBDBE05-0F61-4B19-99CB-6FB9E26A067C}.Release|Any CPU.Build.0 = Release|Any CPU
		{C8A2E791-994C-4674-AA0F-51BEA61BB08C}.Debug|Any CPU.ActiveCfg = Debug|Any CPU
		{C8A2E791-994C-4674-AA0F-51BEA61BB08C}.Debug|Any CPU.Build.0 = Debug|Any CPU
		{C8A2E791-994C-4674-AA0F-51BEA61BB08C}.Release|Any CPU.ActiveCfg = Release|Any CPU
		{C8A2E791-994C-4674-AA0F-51BEA61BB08C}.Release|Any CPU.Build.0 = Release|Any CPU
		{423B0C70-AFDD-4D88-ABE3-51A4C62D9ACA}.Debug|Any CPU.ActiveCfg = Debug|Any CPU
		{423B0C70-AFDD-4D88-ABE3-51A4C62D9ACA}.Debug|Any CPU.Build.0 = Debug|Any CPU
		{423B0C70-AFDD-4D88-ABE3-51A4C62D9ACA}.Release|Any CPU.ActiveCfg = Release|Any CPU
		{423B0C70-AFDD-4D88-ABE3-51A4C62D9ACA}.Release|Any CPU.Build.0 = Release|Any CPU
		{DAB47039-2A7F-43A9-95EF-A8F0E060E97D}.Debug|Any CPU.ActiveCfg = Debug|Any CPU
		{DAB47039-2A7F-43A9-95EF-A8F0E060E97D}.Debug|Any CPU.Build.0 = Debug|Any CPU
		{DAB47039-2A7F-43A9-95EF-A8F0E060E97D}.Release|Any CPU.ActiveCfg = Release|Any CPU
		{DAB47039-2A7F-43A9-95EF-A8F0E060E97D}.Release|Any CPU.Build.0 = Release|Any CPU
		{11659646-EB58-412C-92E0-29D924FE7B12}.Debug|Any CPU.ActiveCfg = Debug|Any CPU
		{11659646-EB58-412C-92E0-29D924FE7B12}.Debug|Any CPU.Build.0 = Debug|Any CPU
		{11659646-EB58-412C-92E0-29D924FE7B12}.Release|Any CPU.ActiveCfg = Release|Any CPU
		{11659646-EB58-412C-92E0-29D924FE7B12}.Release|Any CPU.Build.0 = Release|Any CPU
		{BC1B4243-919D-48D0-835F-FDEA92CEA48B}.Debug|Any CPU.ActiveCfg = Debug|Any CPU
		{BC1B4243-919D-48D0-835F-FDEA92CEA48B}.Debug|Any CPU.Build.0 = Debug|Any CPU
		{BC1B4243-919D-48D0-835F-FDEA92CEA48B}.Release|Any CPU.ActiveCfg = Release|Any CPU
		{BC1B4243-919D-48D0-835F-FDEA92CEA48B}.Release|Any CPU.Build.0 = Release|Any CPU
		{78D4A2D2-60C5-4596-8651-39C663A15D2E}.Debug|Any CPU.ActiveCfg = Debug|Any CPU
		{78D4A2D2-60C5-4596-8651-39C663A15D2E}.Debug|Any CPU.Build.0 = Debug|Any CPU
		{78D4A2D2-60C5-4596-8651-39C663A15D2E}.Release|Any CPU.ActiveCfg = Release|Any CPU
		{78D4A2D2-60C5-4596-8651-39C663A15D2E}.Release|Any CPU.Build.0 = Release|Any CPU
		{44F17F25-F250-4D9E-A500-24A375A6A745}.Debug|Any CPU.ActiveCfg = Debug|Any CPU
		{44F17F25-F250-4D9E-A500-24A375A6A745}.Debug|Any CPU.Build.0 = Debug|Any CPU
		{44F17F25-F250-4D9E-A500-24A375A6A745}.Release|Any CPU.ActiveCfg = Release|Any CPU
		{44F17F25-F250-4D9E-A500-24A375A6A745}.Release|Any CPU.Build.0 = Release|Any CPU
	EndGlobalSection
	GlobalSection(SolutionProperties) = preSolution
		HideSolutionNode = FALSE
	EndGlobalSection
	GlobalSection(NestedProjects) = preSolution
		{8CBDBE05-0F61-4B19-99CB-6FB9E26A067C} = {C101E67D-B425-4534-9CEE-BB2F81937AD8}
		{C8A2E791-994C-4674-AA0F-51BEA61BB08C} = {C796DD86-33D2-42D0-8238-4605352EFC24}
		{423B0C70-AFDD-4D88-ABE3-51A4C62D9ACA} = {C796DD86-33D2-42D0-8238-4605352EFC24}
		{DAB47039-2A7F-43A9-95EF-A8F0E060E97D} = {C101E67D-B425-4534-9CEE-BB2F81937AD8}
		{11659646-EB58-412C-92E0-29D924FE7B12} = {C796DD86-33D2-42D0-8238-4605352EFC24}
		{BC1B4243-919D-48D0-835F-FDEA92CEA48B} = {B6906B50-B651-4021-9394-3C8369710E60}
		{78D4A2D2-60C5-4596-8651-39C663A15D2E} = {C101E67D-B425-4534-9CEE-BB2F81937AD8}
		{44F17F25-F250-4D9E-A500-24A375A6A745} = {C796DD86-33D2-42D0-8238-4605352EFC24}
	EndGlobalSection
	GlobalSection(ExtensibilityGlobals) = postSolution
		SolutionGuid = {ABD257A4-D5F8-4A09-9D79-776352990779}
	EndGlobalSection
EndGlobal
